// !$*UTF8*$!
{
	archiveVersion = 1;
	classes = {
	};
	objectVersion = 46;
	objects = {

/* Begin PBXBuildFile section */
		DEB3987F1A3AA08A00807079 /* AppDelegate.swift in Sources */ = {isa = PBXBuildFile; fileRef = DEB3987E1A3AA08A00807079 /* AppDelegate.swift */; };
		DEB398811A3AA08A00807079 /* ViewController.swift in Sources */ = {isa = PBXBuildFile; fileRef = DEB398801A3AA08A00807079 /* ViewController.swift */; };
		DEB398841A3AA08A00807079 /* Main.storyboard in Resources */ = {isa = PBXBuildFile; fileRef = DEB398821A3AA08A00807079 /* Main.storyboard */; };
		DEB398861A3AA08A00807079 /* Images.xcassets in Resources */ = {isa = PBXBuildFile; fileRef = DEB398851A3AA08A00807079 /* Images.xcassets */; };
		DEB398891A3AA08A00807079 /* LaunchScreen.xib in Resources */ = {isa = PBXBuildFile; fileRef = DEB398871A3AA08A00807079 /* LaunchScreen.xib */; };
		DEB398951A3AA08A00807079 /* Cat_YearsTests.swift in Sources */ = {isa = PBXBuildFile; fileRef = DEB398941A3AA08A00807079 /* Cat_YearsTests.swift */; };
		DEB3989F1A3AA61400807079 /* old-cat.jpg in Resources */ = {isa = PBXBuildFile; fileRef = DEB3989E1A3AA61400807079 /* old-cat.jpg */; };
/* End PBXBuildFile section */

/* Begin PBXContainerItemProxy section */
		DEB3988F1A3AA08A00807079 /* PBXContainerItemProxy */ = {
			isa = PBXContainerItemProxy;
			containerPortal = DEB398711A3AA08900807079 /* Project object */;
			proxyType = 1;
			remoteGlobalIDString = DEB398781A3AA08A00807079;
			remoteInfo = "Cat Years";
		};
/* End PBXContainerItemProxy section */

/* Begin PBXFileReference section */
		DEB398791A3AA08A00807079 /* Cat Years.app */ = {isa = PBXFileReference; explicitFileType = wrapper.application; includeInIndex = 0; path = "Cat Years.app"; sourceTree = BUILT_PRODUCTS_DIR; };
		DEB3987D1A3AA08A00807079 /* Info.plist */ = {isa = PBXFileReference; lastKnownFileType = text.plist.xml; path = Info.plist; sourceTree = "<group>"; };
		DEB3987E1A3AA08A00807079 /* AppDelegate.swift */ = {isa = PBXFileReference; lastKnownFileType = sourcecode.swift; path = AppDelegate.swift; sourceTree = "<group>"; };
		DEB398801A3AA08A00807079 /* ViewController.swift */ = {isa = PBXFileReference; lastKnownFileType = sourcecode.swift; path = ViewController.swift; sourceTree = "<group>"; };
		DEB398831A3AA08A00807079 /* Base */ = {isa = PBXFileReference; lastKnownFileType = file.storyboard; name = Base; path = Base.lproj/Main.storyboard; sourceTree = "<group>"; };
		DEB398851A3AA08A00807079 /* Images.xcassets */ = {isa = PBXFileReference; lastKnownFileType = folder.assetcatalog; path = Images.xcassets; sourceTree = "<group>"; };
		DEB398881A3AA08A00807079 /* Base */ = {isa = PBXFileReference; lastKnownFileType = file.xib; name = Base; path = Base.lproj/LaunchScreen.xib; sourceTree = "<group>"; };
		DEB3988E1A3AA08A00807079 /* Cat YearsTests.xctest */ = {isa = PBXFileReference; explicitFileType = wrapper.cfbundle; includeInIndex = 0; path = "Cat YearsTests.xctest"; sourceTree = BUILT_PRODUCTS_DIR; };
		DEB398931A3AA08A00807079 /* Info.plist */ = {isa = PBXFileReference; lastKnownFileType = text.plist.xml; path = Info.plist; sourceTree = "<group>"; };
		DEB398941A3AA08A00807079 /* Cat_YearsTests.swift */ = {isa = PBXFileReference; lastKnownFileType = sourcecode.swift; path = Cat_YearsTests.swift; sourceTree = "<group>"; };
		DEB3989E1A3AA61400807079 /* old-cat.jpg */ = {isa = PBXFileReference; lastKnownFileType = image.jpeg; name = "old-cat.jpg"; path = "../../../../Desktop/old-cat.jpg"; sourceTree = "<group>"; };
/* End PBXFileReference section */

/* Begin PBXFrameworksBuildPhase section */
		DEB398761A3AA08A00807079 /* Frameworks */ = {
			isa = PBXFrameworksBuildPhase;
			buildActionMask = 2147483647;
			files = (
			);
			runOnlyForDeploymentPostprocessing = 0;
		};
		DEB3988B1A3AA08A00807079 /* Frameworks */ = {
			isa = PBXFrameworksBuildPhase;
			buildActionMask = 2147483647;
			files = (
			);
			runOnlyForDeploymentPostprocessing = 0;
		};
/* End PBXFrameworksBuildPhase section */

/* Begin PBXGroup section */
		DEB398701A3AA08900807079 = {
			isa = PBXGroup;
			children = (
				DEB3987B1A3AA08A00807079 /* Cat Years */,
				DEB398911A3AA08A00807079 /* Cat YearsTests */,
				DEB3987A1A3AA08A00807079 /* Products */,
			);
			sourceTree = "<group>";
		};
		DEB3987A1A3AA08A00807079 /* Products */ = {
			isa = PBXGroup;
			children = (
				DEB398791A3AA08A00807079 /* Cat Years.app */,
				DEB3988E1A3AA08A00807079 /* Cat YearsTests.xctest */,
			);
			name = Products;
			sourceTree = "<group>";
		};
		DEB3987B1A3AA08A00807079 /* Cat Years */ = {
			isa = PBXGroup;
			children = (
				DEB3987E1A3AA08A00807079 /* AppDelegate.swift */,
				DEB398801A3AA08A00807079 /* ViewController.swift */,
				DEB398821A3AA08A00807079 /* Main.storyboard */,
				DEB3989E1A3AA61400807079 /* old-cat.jpg */,
				DEB398851A3AA08A00807079 /* Images.xcassets */,
				DEB398871A3AA08A00807079 /* LaunchScreen.xib */,
				DEB3987C1A3AA08A00807079 /* Supporting Files */,
			);
			path = "Cat Years";
			sourceTree = "<group>";
		};
		DEB3987C1A3AA08A00807079 /* Supporting Files */ = {
			isa = PBXGroup;
			children = (
				DEB3987D1A3AA08A00807079 /* Info.plist */,
			);
			name = "Supporting Files";
			sourceTree = "<group>";
		};
		DEB398911A3AA08A00807079 /* Cat YearsTests */ = {
			isa = PBXGroup;
			children = (
				DEB398941A3AA08A00807079 /* Cat_YearsTests.swift */,
				DEB398921A3AA08A00807079 /* Supporting Files */,
			);
			path = "Cat YearsTests";
			sourceTree = "<group>";
		};
		DEB398921A3AA08A00807079 /* Supporting Files */ = {
			isa = PBXGroup;
			children = (
				DEB398931A3AA08A00807079 /* Info.plist */,
			);
			name = "Supporting Files";
			sourceTree = "<group>";
		};
/* End PBXGroup section */

/* Begin PBXNativeTarget section */
		DEB398781A3AA08A00807079 /* Cat Years */ = {
			isa = PBXNativeTarget;
			buildConfigurationList = DEB398981A3AA08A00807079 /* Build configuration list for PBXNativeTarget "Cat Years" */;
			buildPhases = (
				DEB398751A3AA08A00807079 /* Sources */,
				DEB398761A3AA08A00807079 /* Frameworks */,
				DEB398771A3AA08A00807079 /* Resources */,
			);
			buildRules = (
			);
			dependencies = (
			);
			name = "Cat Years";
			productName = "Cat Years";
			productReference = DEB398791A3AA08A00807079 /* Cat Years.app */;
			productType = "com.apple.product-type.application";
		};
		DEB3988D1A3AA08A00807079 /* Cat YearsTests */ = {
			isa = PBXNativeTarget;
			buildConfigurationList = DEB3989B1A3AA08A00807079 /* Build configuration list for PBXNativeTarget "Cat YearsTests" */;
			buildPhases = (
				DEB3988A1A3AA08A00807079 /* Sources */,
				DEB3988B1A3AA08A00807079 /* Frameworks */,
				DEB3988C1A3AA08A00807079 /* Resources */,
			);
			buildRules = (
			);
			dependencies = (
				DEB398901A3AA08A00807079 /* PBXTargetDependency */,
			);
			name = "Cat YearsTests";
			productName = "Cat YearsTests";
			productReference = DEB3988E1A3AA08A00807079 /* Cat YearsTests.xctest */;
			productType = "com.apple.product-type.bundle.unit-test";
		};
/* End PBXNativeTarget section */

/* Begin PBXProject section */
		DEB398711A3AA08900807079 /* Project object */ = {
			isa = PBXProject;
			attributes = {
				LastUpgradeCheck = 0610;
				ORGANIZATIONNAME = "Andrew Ash";
				TargetAttributes = {
					DEB398781A3AA08A00807079 = {
						CreatedOnToolsVersion = 6.1.1;
					};
					DEB3988D1A3AA08A00807079 = {
						CreatedOnToolsVersion = 6.1.1;
						TestTargetID = DEB398781A3AA08A00807079;
					};
				};
			};
			buildConfigurationList = DEB398741A3AA08900807079 /* Build configuration list for PBXProject "Cat Years" */;
			compatibilityVersion = "Xcode 3.2";
			developmentRegion = English;
			hasScannedForEncodings = 0;
			knownRegions = (
				en,
				Base,
			);
			mainGroup = DEB398701A3AA08900807079;
			productRefGroup = DEB3987A1A3AA08A00807079 /* Products */;
			projectDirPath = "";
			projectRoot = "";
			targets = (
				DEB398781A3AA08A00807079 /* Cat Years */,
				DEB3988D1A3AA08A00807079 /* Cat YearsTests */,
			);
		};
/* End PBXProject section */

/* Begin PBXResourcesBuildPhase section */
		DEB398771A3AA08A00807079 /* Resources */ = {
			isa = PBXResourcesBuildPhase;
			buildActionMask = 2147483647;
			files = (
				DEB398841A3AA08A00807079 /* Main.storyboard in Resources */,
				DEB398891A3AA08A00807079 /* LaunchScreen.xib in Resources */,
				DEB3989F1A3AA61400807079 /* old-cat.jpg in Resources */,
				DEB398861A3AA08A00807079 /* Images.xcassets in Resources */,
			);
			runOnlyForDeploymentPostprocessing = 0;
		};
		DEB3988C1A3AA08A00807079 /* Resources */ = {
			isa = PBXResourcesBuildPhase;
			buildActionMask = 2147483647;
			files = (
			);
			runOnlyForDeploymentPostprocessing = 0;
		};
/* End PBXResourcesBuildPhase section */

/* Begin PBXSourcesBuildPhase section */
		DEB398751A3AA08A00807079 /* Sources */ = {
			isa = PBXSourcesBuildPhase;
			buildActionMask = 2147483647;
			files = (
				DEB398811A3AA08A00807079 /* ViewController.swift in Sources */,
				DEB3987F1A3AA08A00807079 /* AppDelegate.swift in Sources */,
			);
			runOnlyForDeploymentPostprocessing = 0;
		};
		DEB3988A1A3AA08A00807079 /* Sources */ = {
			isa = PBXSourcesBuildPhase;
			buildActionMask = 2147483647;
			files = (
				DEB398951A3AA08A00807079 /* Cat_YearsTests.swift in Sources */,
			);
			runOnlyForDeploymentPostprocessing = 0;
		};
/* End PBXSourcesBuildPhase section */

/* Begin PBXTargetDependency section */
		DEB398901A3AA08A00807079 /* PBXTargetDependency */ = {
			isa = PBXTargetDependency;
			target = DEB398781A3AA08A00807079 /* Cat Years */;
			targetProxy = DEB3988F1A3AA08A00807079 /* PBXContainerItemProxy */;
		};
/* End PBXTargetDependency section */

/* Begin PBXVariantGroup section */
		DEB398821A3AA08A00807079 /* Main.storyboard */ = {
			isa = PBXVariantGroup;
			children = (
				DEB398831A3AA08A00807079 /* Base */,
			);
			name = Main.storyboard;
			sourceTree = "<group>";
		};
		DEB398871A3AA08A00807079 /* LaunchScreen.xib */ = {
			isa = PBXVariantGroup;
			children = (
				DEB398881A3AA08A00807079 /* Base */,
			);
			name = LaunchScreen.xib;
			sourceTree = "<group>";
		};
/* End PBXVariantGroup section */

/* Begin XCBuildConfiguration section */
		DEB398961A3AA08A00807079 /* Debug */ = {
			isa = XCBuildConfiguration;
			buildSettings = {
				ALWAYS_SEARCH_USER_PATHS = NO;
				CLANG_CXX_LANGUAGE_STANDARD = "gnu++0x";
				CLANG_CXX_LIBRARY = "libc++";
				CLANG_ENABLE_MODULES = YES;
				CLANG_ENABLE_OBJC_ARC = YES;
				CLANG_WARN_BOOL_CONVERSION = YES;
				CLANG_WARN_CONSTANT_CONVERSION = YES;
				CLANG_WARN_DIRECT_OBJC_ISA_USAGE = YES_ERROR;
				CLANG_WARN_EMPTY_BODY = YES;
				CLANG_WARN_ENUM_CONVERSION = YES;
				CLANG_WARN_INT_CONVERSION = YES;
				CLANG_WARN_OBJC_ROOT_CLASS = YES_ERROR;
				CLANG_WARN_UNREACHABLE_CODE = YES;
				CLANG_WARN__DUPLICATE_METHOD_MATCH = YES;
				"CODE_SIGN_IDENTITY[sdk=iphoneos*]" = "iPhone Developer";
				COPY_PHASE_STRIP = NO;
				ENABLE_STRICT_OBJC_MSGSEND = YES;
				GCC_C_LANGUAGE_STANDARD = gnu99;
				GCC_DYNAMIC_NO_PIC = NO;
				GCC_OPTIMIZATION_LEVEL = 0;
				GCC_PREPROCESSOR_DEFINITIONS = (
					"DEBUG=1",
					"$(inherited)",
				);
				GCC_SYMBOLS_PRIVATE_EXTERN = NO;
				GCC_WARN_64_TO_32_BIT_CONVERSION = YES;
				GCC_WARN_ABOUT_RETURN_TYPE = YES_ERROR;
				GCC_WARN_UNDECLARED_SELECTOR = YES;
				GCC_WARN_UNINITIALIZED_AUTOS = YES_AGGRESSIVE;
				GCC_WARN_UNUSED_FUNCTION = YES;
				GCC_WARN_UNUSED_VARIABLE = YES;
				IPHONEOS_DEPLOYMENT_TARGET = 8.1;
				MTL_ENABLE_DEBUG_INFO = YES;
				ONLY_ACTIVE_ARCH = YES;
				SDKROOT = iphoneos;
				SWIFT_OPTIMIZATION_LEVEL = "-Onone";
			};
			name = Debug;
		};
		DEB398971A3AA08A00807079 /* Release */ = {
			isa = XCBuildConfiguration;
			buildSettings = {
				ALWAYS_SEARCH_USER_PATHS = NO;
				CLANG_CXX_LANGUAGE_STANDARD = "gnu++0x";
				CLANG_CXX_LIBRARY = "libc++";
				CLANG_ENABLE_MODULES = YES;
				CLANG_ENABLE_OBJC_ARC = YES;
				CLANG_WARN_BOOL_CONVERSION = YES;
				CLANG_WARN_CONSTANT_CONVERSION = YES;
				CLANG_WARN_DIRECT_OBJC_ISA_USAGE = YES_ERROR;
				CLANG_WARN_EMPTY_BODY = YES;
				CLANG_WARN_ENUM_CONVERSION = YES;
				CLANG_WARN_INT_CONVERSION = YES;
				CLANG_WARN_OBJC_ROOT_CLASS = YES_ERROR;
				CLANG_WARN_UNREACHABLE_CODE = YES;
				CLANG_WARN__DUPLICATE_METHOD_MATCH = YES;
				"CODE_SIGN_IDENTITY[sdk=iphoneos*]" = "iPhone Developer";
				COPY_PHASE_STRIP = YES;
				ENABLE_NS_ASSERTIONS = NO;
				ENABLE_STRICT_OBJC_MSGSEND = YES;
				GCC_C_LANGUAGE_STANDARD = gnu99;
				GCC_WARN_64_TO_32_BIT_CONVERSION = YES;
				GCC_WARN_ABOUT_RETURN_TYPE = YES_ERROR;
				GCC_WARN_UNDECLARED_SELECTOR = YES;
				GCC_WARN_UNINITIALIZED_AUTOS = YES_AGGRESSIVE;
				GCC_WARN_UNUSED_FUNCTION = YES;
				GCC_WARN_UNUSED_VARIABLE = YES;
				IPHONEOS_DEPLOYMENT_TARGET = 8.1;
				MTL_ENABLE_DEBUG_INFO = NO;
				SDKROOT = iphoneos;
				VALIDATE_PRODUCT = YES;
			};
			name = Release;
		};
		DEB398991A3AA08A00807079 /* Debug */ = {
			isa = XCBuildConfiguration;
			buildSettings = {
				ASSETCATALOG_COMPILER_APPICON_NAME = AppIcon;
				INFOPLIST_FILE = "Cat Years/Info.plist";
				LD_RUNPATH_SEARCH_PATHS = "$(inherited) @executable_path/Frameworks";
				PRODUCT_NAME = "$(TARGET_NAME)";
			};
			name = Debug;
		};
		DEB3989A1A3AA08A00807079 /* Release */ = {
			isa = XCBuildConfiguration;
			buildSettings = {
				ASSETCATALOG_COMPILER_APPICON_NAME = AppIcon;
				INFOPLIST_FILE = "Cat Years/Info.plist";
				LD_RUNPATH_SEARCH_PATHS = "$(inherited) @executable_path/Frameworks";
				PRODUCT_NAME = "$(TARGET_NAME)";
			};
			name = Release;
		};
		DEB3989C1A3AA08A00807079 /* Debug */ = {
			isa = XCBuildConfiguration;
			buildSettings = {
				BUNDLE_LOADER = "$(TEST_HOST)";
				FRAMEWORK_SEARCH_PATHS = (
					"$(SDKROOT)/Developer/Library/Frameworks",
					"$(inherited)",
				);
				GCC_PREPROCESSOR_DEFINITIONS = (
					"DEBUG=1",
					"$(inherited)",
				);
				INFOPLIST_FILE = "Cat YearsTests/Info.plist";
				LD_RUNPATH_SEARCH_PATHS = "$(inherited) @executable_path/Frameworks @loader_path/Frameworks";
				PRODUCT_NAME = "$(TARGET_NAME)";
				TEST_HOST = "$(BUILT_PRODUCTS_DIR)/Cat Years.app/Cat Years";
			};
			name = Debug;
		};
		DEB3989D1A3AA08A00807079 /* Release */ = {
			isa = XCBuildConfiguration;
			buildSettings = {
				BUNDLE_LOADER = "$(TEST_HOST)";
				FRAMEWORK_SEARCH_PATHS = (
					"$(SDKROOT)/Developer/Library/Frameworks",
					"$(inherited)",
				);
				INFOPLIST_FILE = "Cat YearsTests/Info.plist";
				LD_RUNPATH_SEARCH_PATHS = "$(inherited) @executable_path/Frameworks @loader_path/Frameworks";
				PRODUCT_NAME = "$(TARGET_NAME)";
				TEST_HOST = "$(BUILT_PRODUCTS_DIR)/Cat Years.app/Cat Years";
			};
			name = Release;
		};
/* End XCBuildConfiguration section */

/* Begin XCConfigurationList section */
		DEB398741A3AA08900807079 /* Build configuration list for PBXProject "Cat Years" */ = {
			isa = XCConfigurationList;
			buildConfigurations = (
				DEB398961A3AA08A00807079 /* Debug */,
				DEB398971A3AA08A00807079 /* Release */,
			);
			defaultConfigurationIsVisible = 0;
			defaultConfigurationName = Release;
		};
		DEB398981A3AA08A00807079 /* Build configuration list for PBXNativeTarget "Cat Years" */ = {
			isa = XCConfigurationList;
			buildConfigurations = (
				DEB398991A3AA08A00807079 /* Debug */,
				DEB3989A1A3AA08A00807079 /* Release */,
			);
			defaultConfigurationIsVisible = 0;
		};
		DEB3989B1A3AA08A00807079 /* Build configuration list for PBXNativeTarget "Cat YearsTests" */ = {
			isa = XCConfigurationList;
			buildConfigurations = (
				DEB3989C1A3AA08A00807079 /* Debug */,
				DEB3989D1A3AA08A00807079 /* Release */,
			);
			defaultConfigurationIsVisible = 0;
		};
/* End XCConfigurationList section */
	};
	rootObject = DEB398711A3AA08900807079 /* Project object */;
}
